Microsoft Visual Studio Solution File, Format Version 12.00
# Visual Studio Version 17
VisualStudioVersion = 17.5.2.0
MinimumVisualStudioVersion = 10.0.40219.1
Project("{FAE04EC0-301F-11D3-BF4B-00C04F79EFBC}") = "VenkatPortfolio", "VenkatPortfolio.csproj", "{68076A39-8106-7C76-36C6-B14B376BB1D6}"
EndProject
Global
	GlobalSection(SolutionConfigurationPlatforms) = preSolution
		Debug|Any CPU = Debug|Any CPU
		Release|Any CPU = Release|Any CPU
	EndGlobalSection
	GlobalSection(ProjectConfigurationPlatforms) = postSolution
		{68076A39-8106-7C76-36C6-B14B376BB1D6}.Debug|Any CPU.ActiveCfg = Debug|Any CPU
		{68076A39-8106-7C76-36C6-B14B376BB1D6}.Debug|Any CPU.Build.0 = Debug|Any CPU
		{68076A39-8106-7C76-36C6-B14B376BB1D6}.Release|Any CPU.ActiveCfg = Release|Any CPU
		{68076A39-8106-7C76-36C6-B14B376BB1D6}.Release|Any CPU.Build.0 = Release|Any CPU
	EndGlobalSection
	GlobalSection(SolutionProperties) = preSolution
		HideSolutionNode = FALSE
	EndGlobalSection
	GlobalSection(ExtensibilityGlobals) = postSolution
		SolutionGuid = {C3BB2B70-E508-40D3-AA44-7220E7D66BFE}
	EndGlobalSection
EndGlobal
